
Microsoft Visual Studio Solution File, Format Version 12.00
# Visual Studio Version 16
VisualStudioVersion = 16.0.30804.86
MinimumVisualStudioVersion = 10.0.40219.1
Project("{FAE04EC0-301F-11D3-BF4B-00C04F79EFBC}") = "TicketSystemAPI", "TicketSystemAPI\TicketSystemAPI.csproj", "{F5D7814C-0E33-416B-9598-D343406A94B6}"
EndProject
Project("{FAE04EC0-301F-11D3-BF4B-00C04F79EFBC}") = "TicketSystemAPI.Library", "TicketSystemAPI.Library\TicketSystemAPI.Library.csproj", "{2A4019BB-F1D2-46EB-9173-FB37607B3E50}"
EndProject
Project("{00D1A9C2-B5F0-4AF3-8072-F6C62B433612}") = "TicketSystemDB", "TicketSystemDB\TicketSystemDB.sqlproj", "{672DAC4B-9A70-467E-B17B-A99388B8D5D4}"
EndProject
Project("{FAE04EC0-301F-11D3-BF4B-00C04F79EFBC}") = "TicketSystemWeb", "TicketSystemWeb\TicketSystemWeb.csproj", "{CC41AD27-210A-4647-9A7A-0B2396451E2F}"
EndProject
Project("{FAE04EC0-301F-11D3-BF4B-00C04F79EFBC}") = "TicketSystemWeb.Library", "TicketSystemWeb.Library\TicketSystemWeb.Library.csproj", "{F16DDFDB-FEFB-4D1F-A94B-F46F96F7162D}"
EndProject
Global
	GlobalSection(SolutionConfigurationPlatforms) = preSolution
		Debug|Any CPU = Debug|Any CPU
		Release|Any CPU = Release|Any CPU
	EndGlobalSection
	GlobalSection(ProjectConfigurationPlatforms) = postSolution
		{F5D7814C-0E33-416B-9598-D343406A94B6}.Debug|Any CPU.ActiveCfg = Debug|Any CPU
		{F5D7814C-0E33-416B-9598-D343406A94B6}.Debug|Any CPU.Build.0 = Debug|Any CPU
		{F5D7814C-0E33-416B-9598-D343406A94B6}.Release|Any CPU.ActiveCfg = Release|Any CPU
		{F5D7814C-0E33-416B-9598-D343406A94B6}.Release|Any CPU.Build.0 = Release|Any CPU
		{2A4019BB-F1D2-46EB-9173-FB37607B3E50}.Debug|Any CPU.ActiveCfg = Debug|Any CPU
		{2A4019BB-F1D2-46EB-9173-FB37607B3E50}.Debug|Any CPU.Build.0 = Debug|Any CPU
		{2A4019BB-F1D2-46EB-9173-FB37607B3E50}.Release|Any CPU.ActiveCfg = Release|Any CPU
		{2A4019BB-F1D2-46EB-9173-FB37607B3E50}.Release|Any CPU.Build.0 = Release|Any CPU
		{672DAC4B-9A70-467E-B17B-A99388B8D5D4}.Debug|Any CPU.ActiveCfg = Debug|Any CPU
		{672DAC4B-9A70-467E-B17B-A99388B8D5D4}.Debug|Any CPU.Build.0 = Debug|Any CPU
		{672DAC4B-9A70-467E-B17B-A99388B8D5D4}.Debug|Any CPU.Deploy.0 = Debug|Any CPU
		{672DAC4B-9A70-467E-B17B-A99388B8D5D4}.Release|Any CPU.ActiveCfg = Release|Any CPU
		{672DAC4B-9A70-467E-B17B-A99388B8D5D4}.Release|Any CPU.Build.0 = Release|Any CPU
		{672DAC4B-9A70-467E-B17B-A99388B8D5D4}.Release|Any CPU.Deploy.0 = Release|Any CPU
		{CC41AD27-210A-4647-9A7A-0B2396451E2F}.Debug|Any CPU.ActiveCfg = Debug|Any CPU
		{CC41AD27-210A-4647-9A7A-0B2396451E2F}.Debug|Any CPU.Build.0 = Debug|Any CPU
		{CC41AD27-210A-4647-9A7A-0B2396451E2F}.Release|Any CPU.ActiveCfg = Release|Any CPU
		{CC41AD27-210A-4647-9A7A-0B2396451E2F}.Release|Any CPU.Build.0 = Release|Any CPU
		{F16DDFDB-FEFB-4D1F-A94B-F46F96F7162D}.Debug|Any CPU.ActiveCfg = Debug|Any CPU
		{F16DDFDB-FEFB-4D1F-A94B-F46F96F7162D}.Debug|Any CPU.Build.0 = Debug|Any CPU
		{F16DDFDB-FEFB-4D1F-A94B-F46F96F7162D}.Release|Any CPU.ActiveCfg = Release|Any CPU
		{F16DDFDB-FEFB-4D1F-A94B-F46F96F7162D}.Release|Any CPU.Build.0 = Release|Any CPU
	EndGlobalSection
	GlobalSection(SolutionProperties) = preSolution
		HideSolutionNode = FALSE
	EndGlobalSection
	GlobalSection(ExtensibilityGlobals) = postSolution
		SolutionGuid = {9B88F713-21FE-43E5-89F5-D3D2DFC8A7C4}
	EndGlobalSection
EndGlobal
